
Microsoft Visual Studio Solution File, Format Version 12.00
# Visual Studio Version 17
VisualStudioVersion = 17.10.35027.167
MinimumVisualStudioVersion = 10.0.40219.1
Project("{FAE04EC0-301F-11D3-BF4B-00C04F79EFBC}") = "BlazorCRUD.API", "BlazorCRUD.API\BlazorCRUD.API.csproj", "{ECC16C0D-A669-41BD-8E05-B9ECA6B5E567}"
EndProject
Project("{FAE04EC0-301F-11D3-BF4B-00C04F79EFBC}") = "BlazorCRUD.Library", "BlazorCRUD.Library\BlazorCRUD.Library.csproj", "{3875B476-6510-4ECC-8C86-3B3DE3F3FA75}"
EndProject
Project("{FAE04EC0-301F-11D3-BF4B-00C04F79EFBC}") = "BlazorWASM", "BlazorWASM\BlazorWASM.csproj", "{DA30D6A8-1DFD-4B1E-9F07-71B2F0DBDFE2}"
EndProject
Global
	GlobalSection(SolutionConfigurationPlatforms) = preSolution
		Debug|Any CPU = Debug|Any CPU
		Release|Any CPU = Release|Any CPU
	EndGlobalSection
	GlobalSection(ProjectConfigurationPlatforms) = postSolution
		{ECC16C0D-A669-41BD-8E05-B9ECA6B5E567}.Debug|Any CPU.ActiveCfg = Debug|Any CPU
		{ECC16C0D-A669-41BD-8E05-B9ECA6B5E567}.Debug|Any CPU.Build.0 = Debug|Any CPU
		{ECC16C0D-A669-41BD-8E05-B9ECA6B5E567}.Release|Any CPU.ActiveCfg = Release|Any CPU
		{ECC16C0D-A669-41BD-8E05-B9ECA6B5E567}.Release|Any CPU.Build.0 = Release|Any CPU
		{3875B476-6510-4ECC-8C86-3B3DE3F3FA75}.Debug|Any CPU.ActiveCfg = Debug|Any CPU
		{3875B476-6510-4ECC-8C86-3B3DE3F3FA75}.Debug|Any CPU.Build.0 = Debug|Any CPU
		{3875B476-6510-4ECC-8C86-3B3DE3F3FA75}.Release|Any CPU.ActiveCfg = Release|Any CPU
		{3875B476-6510-4ECC-8C86-3B3DE3F3FA75}.Release|Any CPU.Build.0 = Release|Any CPU
		{DA30D6A8-1DFD-4B1E-9F07-71B2F0DBDFE2}.Debug|Any CPU.ActiveCfg = Debug|Any CPU
		{DA30D6A8-1DFD-4B1E-9F07-71B2F0DBDFE2}.Debug|Any CPU.Build.0 = Debug|Any CPU
		{DA30D6A8-1DFD-4B1E-9F07-71B2F0DBDFE2}.Release|Any CPU.ActiveCfg = Release|Any CPU
		{DA30D6A8-1DFD-4B1E-9F07-71B2F0DBDFE2}.Release|Any CPU.Build.0 = Release|Any CPU
	EndGlobalSection
	GlobalSection(SolutionProperties) = preSolution
		HideSolutionNode = FALSE
	EndGlobalSection
	GlobalSection(ExtensibilityGlobals) = postSolution
		SolutionGuid = {F19F1E80-E92F-43DA-BC34-1E3188607616}
	EndGlobalSection
EndGlobal
